Microsoft Visual Studio Solution File, Format Version 11.00
# Visual Studio 2008

Project("{BB5D052A-3445-7088-440D-E25C6C8A25B4}") = "Mobile-Tangible", "Assembly-CSharp.csproj", "{7055787A-1AD8-00E1-DD6E-CFFF47C71563}"
EndProject
Global
	GlobalSection(SolutionConfigurationPlatforms) = preSolution
		Debug|Any CPU = Debug|Any CPU
		Release|Any CPU = Release|Any CPU
	EndGlobalSection
	GlobalSection(ProjectConfigurationPlatforms) = postSolution
		{7055787A-1AD8-00E1-DD6E-CFFF47C71563}.Debug|Any CPU.ActiveCfg = Debug|Any CPU
		{7055787A-1AD8-00E1-DD6E-CFFF47C71563}.Debug|Any CPU.Build.0 = Debug|Any CPU
		{7055787A-1AD8-00E1-DD6E-CFFF47C71563}.Release|Any CPU.ActiveCfg = Release|Any CPU
		{7055787A-1AD8-00E1-DD6E-CFFF47C71563}.Release|Any CPU.Build.0 = Release|Any CPU
	EndGlobalSection
	GlobalSection(SolutionProperties) = preSolution
		HideSolutionNode = FALSE
	EndGlobalSection
	GlobalSection(MonoDevelopProperties) = preSolution
		StartupItem = Assembly-CSharp.csproj
	EndGlobalSection
EndGlobal
